<Solution>
  <Folder Name="/src/">
    <Project Path="__PROJECT__.Domain/__PROJECT__.Domain.csproj" />
    <Project Path="__PROJECT__.Application/__PROJECT__.Application.csproj" />
    <Project Path="__PROJECT__.Infrastructure/__PROJECT__.Infrastructure.csproj" />
    <Project Path="__PROJECT__.WebApi/__PROJECT__.WebApi.csproj" />
    <Project Path="__PROJECT__.AppHost/__PROJECT__.AppHost.csproj" />
    <Project Path="__PROJECT__.ServiceDefaults/__PROJECT__.ServiceDefaults.csproj" />
  </Folder>
  <Folder Name="/tests/">
    <Project Path="tests/__PROJECT__.Domain.Tests/__PROJECT__.Domain.Tests.csproj" />
    <Project Path="tests/__PROJECT__.Application.Tests/__PROJECT__.Application.Tests.csproj" />
    <Project Path="tests/__PROJECT__.Integration.Tests/__PROJECT__.Integration.Tests.csproj" />
    <Project Path="tests/__PROJECT__.Architecture.Tests/__PROJECT__.Architecture.Tests.csproj" />
  </Folder>
</Solution>

